
Microsoft Visual Studio Solution File, Format Version 12.00
# Visual Studio Version 17
VisualStudioVersion = 17.0.32112.339
MinimumVisualStudioVersion = 10.0.40219.1
Project("{9A19103F-16F7-4668-BE54-9A1E7A4F7556}") = "P01.DataTypeFinder", "P01.DataTypeFinder\P01.DataTypeFinder.csproj", "{50CA088C-6A0E-4067-A92B-F3E581D921C8}"
EndProject
Project("{9A19103F-16F7-4668-BE54-9A1E7A4F7556}") = "P02.FromLeftToTheRight", "P02.FromLeftToTheRight\P02.FromLeftToTheRight.csproj", "{915E6843-935C-47E1-B338-67E5B53ADE47}"
EndProject
Project("{9A19103F-16F7-4668-BE54-9A1E7A4F7556}") = "P03.FloatingEquality", "P03.FloatingEquality\P03.FloatingEquality.csproj", "{EB7AF638-F22E-438F-BE19-C01A8200A017}"
EndProject
Project("{9A19103F-16F7-4668-BE54-9A1E7A4F7556}") = "P04.RefactoringPrimeChecker", "P04.RefactoringPrimeChecker\P04.RefactoringPrimeChecker.csproj", "{079ECDC0-018D-487C-A3D8-D9C20D4A9330}"
EndProject
Project("{9A19103F-16F7-4668-BE54-9A1E7A4F7556}") = "P05.DecryptingMessage", "P05.DecryptingMessage\P05.DecryptingMessage.csproj", "{C666E88A-E9D8-48BD-9C35-3F2C3E639D8A}"
EndProject
Project("{FAE04EC0-301F-11D3-BF4B-00C04F79EFBC}") = "P06.BalancedBrackets", "P06.BalancedBrackets\P06.BalancedBrackets.csproj", "{66E22A57-DE6C-41C8-A01A-D4DBDBFC3B30}"
EndProject
Global
	GlobalSection(SolutionConfigurationPlatforms) = preSolution
		Debug|Any CPU = Debug|Any CPU
		Release|Any CPU = Release|Any CPU
	EndGlobalSection
	GlobalSection(ProjectConfigurationPlatforms) = postSolution
		{50CA088C-6A0E-4067-A92B-F3E581D921C8}.Debug|Any CPU.ActiveCfg = Debug|Any CPU
		{50CA088C-6A0E-4067-A92B-F3E581D921C8}.Debug|Any CPU.Build.0 = Debug|Any CPU
		{50CA088C-6A0E-4067-A92B-F3E581D921C8}.Release|Any CPU.ActiveCfg = Release|Any CPU
		{50CA088C-6A0E-4067-A92B-F3E581D921C8}.Release|Any CPU.Build.0 = Release|Any CPU
		{915E6843-935C-47E1-B338-67E5B53ADE47}.Debug|Any CPU.ActiveCfg = Debug|Any CPU
		{915E6843-935C-47E1-B338-67E5B53ADE47}.Debug|Any CPU.Build.0 = Debug|Any CPU
		{915E6843-935C-47E1-B338-67E5B53ADE47}.Release|Any CPU.ActiveCfg = Release|Any CPU
		{915E6843-935C-47E1-B338-67E5B53ADE47}.Release|Any CPU.Build.0 = Release|Any CPU
		{EB7AF638-F22E-438F-BE19-C01A8200A017}.Debug|Any CPU.ActiveCfg = Debug|Any CPU
		{EB7AF638-F22E-438F-BE19-C01A8200A017}.Debug|Any CPU.Build.0 = Debug|Any CPU
		{EB7AF638-F22E-438F-BE19-C01A8200A017}.Release|Any CPU.ActiveCfg = Release|Any CPU
		{EB7AF638-F22E-438F-BE19-C01A8200A017}.Release|Any CPU.Build.0 = Release|Any CPU
		{079ECDC0-018D-487C-A3D8-D9C20D4A9330}.Debug|Any CPU.ActiveCfg = Debug|Any CPU
		{079ECDC0-018D-487C-A3D8-D9C20D4A9330}.Debug|Any CPU.Build.0 = Debug|Any CPU
		{079ECDC0-018D-487C-A3D8-D9C20D4A9330}.Release|Any CPU.ActiveCfg = Release|Any CPU
		{079ECDC0-018D-487C-A3D8-D9C20D4A9330}.Release|Any CPU.Build.0 = Release|Any CPU
		{C666E88A-E9D8-48BD-9C35-3F2C3E639D8A}.Debug|Any CPU.ActiveCfg = Debug|Any CPU
		{C666E88A-E9D8-48BD-9C35-3F2C3E639D8A}.Debug|Any CPU.Build.0 = Debug|Any CPU
		{C666E88A-E9D8-48BD-9C35-3F2C3E639D8A}.Release|Any CPU.ActiveCfg = Release|Any CPU
		{C666E88A-E9D8-48BD-9C35-3F2C3E639D8A}.Release|Any CPU.Build.0 = Release|Any CPU
		{66E22A57-DE6C-41C8-A01A-D4DBDBFC3B30}.Debug|Any CPU.ActiveCfg = Debug|Any CPU
		{66E22A57-DE6C-41C8-A01A-D4DBDBFC3B30}.Debug|Any CPU.Build.0 = Debug|Any CPU
		{66E22A57-DE6C-41C8-A01A-D4DBDBFC3B30}.Release|Any CPU.ActiveCfg = Release|Any CPU
		{66E22A57-DE6C-41C8-A01A-D4DBDBFC3B30}.Release|Any CPU.Build.0 = Release|Any CPU
	EndGlobalSection
	GlobalSection(SolutionProperties) = preSolution
		HideSolutionNode = FALSE
	EndGlobalSection
	GlobalSection(ExtensibilityGlobals) = postSolution
		SolutionGuid = {EE43798A-7BBB-4BB6-8FF6-74F361EE4CF0}
	EndGlobalSection
EndGlobal
